
Microsoft Visual Studio Solution File, Format Version 12.00
# Visual Studio 15
VisualStudioVersion = 15.0.28307.421
MinimumVisualStudioVersion = 10.0.40219.1
Project("{9A19103F-16F7-4668-BE54-9A1E7A4F7556}") = "ServerlessBlog", "ServerlessBlog\ServerlessBlog.csproj", "{C036BC2A-6F68-43B6-8B66-2D12F8C5F3B9}"
EndProject
Project("{9A19103F-16F7-4668-BE54-9A1E7A4F7556}") = "ServerlessBlog.Commands", "ServerlessBlog.Commands\ServerlessBlog.Commands.csproj", "{18C09C3E-CBE4-4D48-8C70-FF27DA2106A0}"
EndProject
Project("{9A19103F-16F7-4668-BE54-9A1E7A4F7556}") = "ServerlessBlog.Application", "ServerlessBlog.Application\ServerlessBlog.Application.csproj", "{682A267D-4AD5-4353-ADB4-E1FA98A25325}"
EndProject
Project("{FAE04EC0-301F-11D3-BF4B-00C04F79EFBC}") = "ServerlessBlog.Tests", "ServerlessBlog.Tests\ServerlessBlog.Tests.csproj", "{1FA73A20-2B20-4615-83F3-C9257CA1E0F4}"
EndProject
Global
	GlobalSection(SolutionConfigurationPlatforms) = preSolution
		Debug|Any CPU = Debug|Any CPU
		Release|Any CPU = Release|Any CPU
	EndGlobalSection
	GlobalSection(ProjectConfigurationPlatforms) = postSolution
		{C036BC2A-6F68-43B6-8B66-2D12F8C5F3B9}.Debug|Any CPU.ActiveCfg = Debug|Any CPU
		{C036BC2A-6F68-43B6-8B66-2D12F8C5F3B9}.Debug|Any CPU.Build.0 = Debug|Any CPU
		{C036BC2A-6F68-43B6-8B66-2D12F8C5F3B9}.Release|Any CPU.ActiveCfg = Release|Any CPU
		{C036BC2A-6F68-43B6-8B66-2D12F8C5F3B9}.Release|Any CPU.Build.0 = Release|Any CPU
		{18C09C3E-CBE4-4D48-8C70-FF27DA2106A0}.Debug|Any CPU.ActiveCfg = Debug|Any CPU
		{18C09C3E-CBE4-4D48-8C70-FF27DA2106A0}.Debug|Any CPU.Build.0 = Debug|Any CPU
		{18C09C3E-CBE4-4D48-8C70-FF27DA2106A0}.Release|Any CPU.ActiveCfg = Release|Any CPU
		{18C09C3E-CBE4-4D48-8C70-FF27DA2106A0}.Release|Any CPU.Build.0 = Release|Any CPU
		{682A267D-4AD5-4353-ADB4-E1FA98A25325}.Debug|Any CPU.ActiveCfg = Debug|Any CPU
		{682A267D-4AD5-4353-ADB4-E1FA98A25325}.Debug|Any CPU.Build.0 = Debug|Any CPU
		{682A267D-4AD5-4353-ADB4-E1FA98A25325}.Release|Any CPU.ActiveCfg = Release|Any CPU
		{682A267D-4AD5-4353-ADB4-E1FA98A25325}.Release|Any CPU.Build.0 = Release|Any CPU
		{1FA73A20-2B20-4615-83F3-C9257CA1E0F4}.Debug|Any CPU.ActiveCfg = Debug|Any CPU
		{1FA73A20-2B20-4615-83F3-C9257CA1E0F4}.Debug|Any CPU.Build.0 = Debug|Any CPU
		{1FA73A20-2B20-4615-83F3-C9257CA1E0F4}.Release|Any CPU.ActiveCfg = Release|Any CPU
		{1FA73A20-2B20-4615-83F3-C9257CA1E0F4}.Release|Any CPU.Build.0 = Release|Any CPU
	EndGlobalSection
	GlobalSection(SolutionProperties) = preSolution
		HideSolutionNode = FALSE
	EndGlobalSection
	GlobalSection(ExtensibilityGlobals) = postSolution
		SolutionGuid = {A624BD8E-BE92-4F74-918A-546F9DE57DCE}
	EndGlobalSection
EndGlobal
